# This file is automatically @generated by Poetry 1.7.1 and should not be changed by hand.

[[package]]
name = "cffi"
version = "1.14.5"
description = "Foreign Function Interface for Python calling C code."
optional = false
python-versions = "*"
files = [
    {file = "cffi-1.14.5-cp27-cp27m-macosx_10_9_x86_64.whl", hash = "sha256:bb89f306e5da99f4d922728ddcd6f7fcebb3241fc40edebcb7284d7514741991"},
    {file = "cffi-1.14.5-cp27-cp27m-manylinux1_i686.whl", hash = "sha256:34eff4b97f3d982fb93e2831e6750127d1355a923ebaeeb565407b3d2f8d41a1"},
    {file = "cffi-1.14.5-cp27-cp27m-manylinux1_x86_64.whl", hash = "sha256:99cd03ae7988a93dd00bcd9d0b75e1f6c426063d6f03d2f90b89e29b25b82dfa"},
    {file = "cffi-1.14.5-cp27-cp27m-win32.whl", hash = "sha256:65fa59693c62cf06e45ddbb822165394a288edce9e276647f0046e1ec26920f3"},
    {file = "cffi-1.14.5-cp27-cp27m-win_amd64.whl", hash = "sha256:51182f8927c5af975fece87b1b369f722c570fe169f9880764b1ee3bca8347b5"},
    {file = "cffi-1.14.5-cp27-cp27mu-manylinux1_i686.whl", hash = "sha256:43e0b9d9e2c9e5d152946b9c5fe062c151614b262fda2e7b201204de0b99e482"},
    {file = "cffi-1.14.5-cp27-cp27mu-manylinux1_x86_64.whl", hash = "sha256:cbde590d4faaa07c72bf979734738f328d239913ba3e043b1e98fe9a39f8b2b6"},
    {file = "cffi-1.14.5-cp35-cp35m-macosx_10_9_x86_64.whl", hash = "sha256:5de7970188bb46b7bf9858eb6890aad302577a5f6f75091fd7cdd3ef13ef3045"},
    {file = "cffi-1.14.5-cp35-cp35m-manylinux1_i686.whl", hash = "sha256:a465da611f6fa124963b91bf432d960a555563efe4ed1cc403ba5077b15370aa"},
    {file = "cffi-1.14.5-cp35-cp35m-manylinux1_x86_64.whl", hash = "sha256:d42b11d692e11b6634f7613ad8df5d6d5f8875f5d48939520d351007b3c13406"},
    {file = "cffi-1.14.5-cp35-cp35m-win32.whl", hash = "sha256:72d8d3ef52c208ee1c7b2e341f7d71c6fd3157138abf1a95166e6165dd5d4369"},
    {file = "cffi-1.14.5-cp35-cp35m-win_amd64.whl", hash = "sha256:29314480e958fd8aab22e4a58b355b629c59bf5f2ac2492b61e3dc06d8c7a315"},
    {file = "cffi-1.14.5-cp36-cp36m-macosx_10_9_x86_64.whl", hash = "sha256:3d3dd4c9e559eb172ecf00a2a7517e97d1e96de2a5e610bd9b68cea3925b4892"},
    {file = "cffi-1.14.5-cp36-cp36m-manylinux1_i686.whl", hash = "sha256:48e1c69bbacfc3d932221851b39d49e81567a4d4aac3b21258d9c24578280058"},
    {file = "cffi-1.14.5-cp36-cp36m-manylinux1_x86_64.whl", hash = "sha256:69e395c24fc60aad6bb4fa7e583698ea6cc684648e1ffb7fe85e3c1ca131a7d5"},
    {file = "cffi-1.14.5-cp36-cp36m-manylinux2014_aarch64.whl", hash = "sha256:9e93e79c2551ff263400e1e4be085a1210e12073a31c2011dbbda14bda0c6132"},
    {file = "cffi-1.14.5-cp36-cp36m-manylinux_2_17_aarch64.manylinux2014_aarch64.whl", hash = "sha256:24ec4ff2c5c0c8f9c6b87d5bb53555bf267e1e6f70e52e5a9740d32861d36b6f"},
    {file = "cffi-1.14.5-cp36-cp36m-manylinux_2_17_ppc64le.manylinux2014_ppc64le.whl", hash = "sha256:3c3f39fa737542161d8b0d680df2ec249334cd70a8f420f71c9304bd83c3cbed"},
    {file = "cffi-1.14.5-cp36-cp36m-manylinux_2_17_s390x.manylinux2014_s390x.whl", hash = "sha256:681d07b0d1e3c462dd15585ef5e33cb021321588bebd910124ef4f4fb71aef55"},
    {file = "cffi-1.14.5-cp36-cp36m-win32.whl", hash = "sha256:58e3f59d583d413809d60779492342801d6e82fefb89c86a38e040c16883be53"},
    {file = "cffi-1.14.5-cp36-cp36m-win_amd64.whl", hash = "sha256:005a36f41773e148deac64b08f233873a4d0c18b053d37da83f6af4d9087b813"},
    {file = "cffi-1.14.5-cp37-cp37m-macosx_10_9_x86_64.whl", hash = "sha256:2894f2df484ff56d717bead0a5c2abb6b9d2bf26d6960c4604d5c48bbc30ee73"},
    {file = "cffi-1.14.5-cp37-cp37m-manylinux1_i686.whl", hash = "sha256:0857f0ae312d855239a55c81ef453ee8fd24136eaba8e87a2eceba644c0d4c06"},
    {file = "cffi-1.14.5-cp37-cp37m-manylinux1_x86_64.whl", hash = "sha256:cd2868886d547469123fadc46eac7ea5253ea7fcb139f12e1dfc2bbd406427d1"},
    {file = "cffi-1.14.5-cp37-cp37m-manylinux2014_aarch64.whl", hash = "sha256:35f27e6eb43380fa080dccf676dece30bef72e4a67617ffda586641cd4508d49"},
    {file = "cffi-1.14.5-cp37-cp37m-manylinux_2_17_aarch64.manylinux2014_aarch64.whl", hash = "sha256:06d7cd1abac2ffd92e65c0609661866709b4b2d82dd15f611e602b9b188b0b69"},
    {file = "cffi-1.14.5-cp37-cp37m-manylinux_2_17_ppc64le.manylinux2014_ppc64le.whl", hash = "sha256:0f861a89e0043afec2a51fd177a567005847973be86f709bbb044d7f42fc4e05"},
    {file = "cffi-1.14.5-cp37-cp37m-manylinux_2_17_s390x.manylinux2014_s390x.whl", hash = "sha256:cc5a8e069b9ebfa22e26d0e6b97d6f9781302fe7f4f2b8776c3e1daea35f1adc"},
    {file = "cffi-1.14.5-cp37-cp37m-win32.whl", hash = "sha256:9ff227395193126d82e60319a673a037d5de84633f11279e336f9c0f189ecc62"},
    {file = "cffi-1.14.5-cp37-cp37m-win_amd64.whl", hash = "sha256:9cf8022fb8d07a97c178b02327b284521c7708d7c71a9c9c355c178ac4bbd3d4"},
    {file = "cffi-1.14.5-cp38-cp38-macosx_10_9_x86_64.whl", hash = "sha256:8b198cec6c72df5289c05b05b8b0969819783f9418e0409865dac47288d2a053"},
    {file = "cffi-1.14.5-cp38-cp38-manylinux1_i686.whl", hash = "sha256:ad17025d226ee5beec591b52800c11680fca3df50b8b29fe51d882576e039ee0"},
    {file = "cffi-1.14.5-cp38-cp38-manylinux1_x86_64.whl", hash = "sha256:6c97d7350133666fbb5cf4abdc1178c812cb205dc6f41d174a7b0f18fb93337e"},
    {file = "cffi-1.14.5-cp38-cp38-manylinux2014_aarch64.whl", hash = "sha256:8ae6299f6c68de06f136f1f9e69458eae58f1dacf10af5c17353eae03aa0d827"},
    {file = "cffi-1.14.5-cp38-cp38-manylinux_2_17_aarch64.manylinux2014_aarch64.whl", hash = "sha256:04c468b622ed31d408fea2346bec5bbffba2cc44226302a0de1ade9f5ea3d373"},
    {file = "cffi-1.14.5-cp38-cp38-manylinux_2_17_ppc64le.manylinux2014_ppc64le.whl", hash = "sha256:06db6321b7a68b2bd6df96d08a5adadc1fa0e8f419226e25b2a5fbf6ccc7350f"},
    {file = "cffi-1.14.5-cp38-cp38-manylinux_2_17_s390x.manylinux2014_s390x.whl", hash = "sha256:293e7ea41280cb28c6fcaaa0b1aa1f533b8ce060b9e701d78511e1e6c4a1de76"},
    {file = "cffi-1.14.5-cp38-cp38-win32.whl", hash = "sha256:b85eb46a81787c50650f2392b9b4ef23e1f126313b9e0e9013b35c15e4288e2e"},
    {file = "cffi-1.14.5-cp38-cp38-win_amd64.whl", hash = "sha256:1f436816fc868b098b0d63b8920de7d208c90a67212546d02f84fe78a9c26396"},
    {file = "cffi-1.14.5-cp39-cp39-macosx_10_9_x86_64.whl", hash = "sha256:1071534bbbf8cbb31b498d5d9db0f274f2f7a865adca4ae429e147ba40f73dea"},
    {file = "cffi-1.14.5-cp39-cp39-manylinux1_i686.whl", hash = "sha256:9de2e279153a443c656f2defd67769e6d1e4163952b3c622dcea5b08a6405322"},
    {file = "cffi-1.14.5-cp39-cp39-manylinux1_x86_64.whl", hash = "sha256:6e4714cc64f474e4d6e37cfff31a814b509a35cb17de4fb1999907575684479c"},
    {file = "cffi-1.14.5-cp39-cp39-manylinux2014_aarch64.whl", hash = "sha256:158d0d15119b4b7ff6b926536763dc0714313aa59e320ddf787502c70c4d4bee"},
    {file = "cffi-1.14.5-cp39-cp39-manylinux_2_17_aarch64.manylinux2014_aarch64.whl", hash = "sha256:1bf1ac1984eaa7675ca8d5745a8cb87ef7abecb5592178406e55858d411eadc0"},
    {file = "cffi-1.14.5-cp39-cp39-manylinux_2_17_ppc64le.manylinux2014_ppc64le.whl", hash = "sha256:df5052c5d867c1ea0b311fb7c3cd28b19df469c056f7fdcfe88c7473aa63e333"},
    {file = "cffi-1.14.5-cp39-cp39-manylinux_2_17_s390x.manylinux2014_s390x.whl", hash = "sha256:24a570cd11895b60829e941f2613a4f79df1a27344cbbb82164ef2e0116f09c7"},
    {file = "cffi-1.14.5-cp39-cp39-win32.whl", hash = "sha256:afb29c1ba2e5a3736f1c301d9d0abe3ec8b86957d04ddfa9d7a6a42b9367e396"},
    {file = "cffi-1.14.5-cp39-cp39-win_amd64.whl", hash = "sha256:f2d45f97ab6bb54753eab54fffe75aaf3de4ff2341c9daee1987ee1837636f1d"},
    {file = "cffi-1.14.5.tar.gz", hash = "sha256:fd78e5fee591709f32ef6edb9a015b4aa1a5022598e36227500c8f4e02328d9c"},
]

[package.dependencies]
pycparser = "*"

[[package]]
name = "cryptography"
version = "42.0.5"
description = "cryptography is a package which provides cryptographic recipes and primitives to Python developers."
optional = false
python-versions = ">=3.7"
files = [
    {file = "cryptography-42.0.5-cp37-abi3-macosx_10_12_universal2.whl", hash = "sha256:a30596bae9403a342c978fb47d9b0ee277699fa53bbafad14706af51fe543d16"},
    {file = "cryptography-42.0.5-cp37-abi3-macosx_10_12_x86_64.whl", hash = "sha256:b7ffe927ee6531c78f81aa17e684e2ff617daeba7f189f911065b2ea2d526dec"},
    {file = "cryptography-42.0.5-cp37-abi3-manylinux_2_17_aarch64.manylinux2014_aarch64.whl", hash = "sha256:2424ff4c4ac7f6b8177b53c17ed5d8fa74ae5955656867f5a8affaca36a27abb"},
    {file = "cryptography-42.0.5-cp37-abi3-manylinux_2_17_x86_64.manylinux2014_x86_64.whl", hash = "sha256:329906dcc7b20ff3cad13c069a78124ed8247adcac44b10bea1130e36caae0b4"},
    {file = "cryptography-42.0.5-cp37-abi3-manylinux_2_28_aarch64.whl", hash = "sha256:b03c2ae5d2f0fc05f9a2c0c997e1bc18c8229f392234e8a0194f202169ccd278"},
    {file = "cryptography-42.0.5-cp37-abi3-manylinux_2_28_x86_64.whl", hash = "sha256:f8837fe1d6ac4a8052a9a8ddab256bc006242696f03368a4009be7ee3075cdb7"},
    {file = "cryptography-42.0.5-cp37-abi3-musllinux_1_1_aarch64.whl", hash = "sha256:0270572b8bd2c833c3981724b8ee9747b3ec96f699a9665470018594301439ee"},
    {file = "cryptography-42.0.5-cp37-abi3-musllinux_1_1_x86_64.whl", hash = "sha256:b8cac287fafc4ad485b8a9b67d0ee80c66bf3574f655d3b97ef2e1082360faf1"},
    {file = "cryptography-42.0.5-cp37-abi3-musllinux_1_2_aarch64.whl", hash = "sha256:16a48c23a62a2f4a285699dba2e4ff2d1cff3115b9df052cdd976a18856d8e3d"},
    {file = "cryptography-42.0.5-cp37-abi3-musllinux_1_2_x86_64.whl", hash = "sha256:2bce03af1ce5a5567ab89bd90d11e7bbdff56b8af3acbbec1faded8f44cb06da"},
    {file = "cryptography-42.0.5-cp37-abi3-win32.whl", hash = "sha256:b6cd2203306b63e41acdf39aa93b86fb566049aeb6dc489b70e34bcd07adca74"},
    {file = "cryptography-42.0.5-cp37-abi3-win_amd64.whl", hash = "sha256:98d8dc6d012b82287f2c3d26ce1d2dd130ec200c8679b6213b3c73c08b2b7940"},
    {file = "cryptography-42.0.5-cp39-abi3-macosx_10_12_universal2.whl", hash = "sha256:5e6275c09d2badf57aea3afa80d975444f4be8d3bc58f7f80d2a484c6f9485c8"},
    {file = "cryptography-42.0.5-cp39-abi3-manylinux_2_17_aarch64.manylinux2014_aarch64.whl", hash = "sha256:e4985a790f921508f36f81831817cbc03b102d643b5fcb81cd33df3fa291a1a1"},
    {file = "cryptography-42.0.5-cp39-abi3-manylinux_2_17_x86_64.manylinux2014_x86_64.whl", hash = "sha256:7cde5f38e614f55e28d831754e8a3bacf9ace5d1566235e39d91b35502d6936e"},
    {file = "cryptography-42.0.5-cp39-abi3-manylinux_2_28_aarch64.whl", hash = "sha256:7367d7b2eca6513681127ebad53b2582911d1736dc2ffc19f2c3ae49997496bc"},
    {file = "cryptography-42.0.5-cp39-abi3-manylinux_2_28_x86_64.whl", hash = "sha256:cd2030f6650c089aeb304cf093f3244d34745ce0cfcc39f20c6fbfe030102e2a"},
    {file = "cryptography-42.0.5-cp39-abi3-musllinux_1_1_aarch64.whl", hash = "sha256:a2913c5375154b6ef2e91c10b5720ea6e21007412f6437504ffea2109b5a33d7"},
    {file = "cryptography-42.0.5-cp39-abi3-musllinux_1_1_x86_64.whl", hash = "sha256:c41fb5e6a5fe9ebcd58ca3abfeb51dffb5d83d6775405305bfa8715b76521922"},
    {file = "cryptography-42.0.5-cp39-abi3-musllinux_1_2_aarch64.whl", hash = "sha256:3eaafe47ec0d0ffcc9349e1708be2aaea4c6dd4978d76bf6eb0cb2c13636c6fc"},
    {file = "cryptography-42.0.5-cp39-abi3-musllinux_1_2_x86_64.whl", hash = "sha256:1b95b98b0d2af784078fa69f637135e3c317091b615cd0905f8b8a087e86fa30"},
    {file = "cryptography-42.0.5-cp39-abi3-win32.whl", hash = "sha256:1f71c10d1e88467126f0efd484bd44bca5e14c664ec2ede64c32f20875c0d413"},
    {file = "cryptography-42.0.5-cp39-abi3-win_amd64.whl", hash = "sha256:a011a644f6d7d03736214d38832e030d8268bcff4a41f728e6030325fea3e400"},
    {file = "cryptography-42.0.5-pp310-pypy310_pp73-macosx_10_12_x86_64.whl", hash = "sha256:9481ffe3cf013b71b2428b905c4f7a9a4f76ec03065b05ff499bb5682a8d9ad8"},
    {file = "cryptography-42.0.5-pp310-pypy310_pp73-manylinux_2_28_aarch64.whl", hash = "sha256:ba334e6e4b1d92442b75ddacc615c5476d4ad55cc29b15d590cc6b86efa487e2"},
    {file = "cryptography-42.0.5-pp310-pypy310_pp73-manylinux_2_28_x86_64.whl", hash = "sha256:ba3e4a42397c25b7ff88cdec6e2a16c2be18720f317506ee25210f6d31925f9c"},
    {file = "cryptography-42.0.5-pp310-pypy310_pp73-win_amd64.whl", hash = "sha256:111a0d8553afcf8eb02a4fea6ca4f59d48ddb34497aa8706a6cf536f1a5ec576"},
    {file = "cryptography-42.0.5-pp39-pypy39_pp73-macosx_10_12_x86_64.whl", hash = "sha256:cd65d75953847815962c84a4654a84850b2bb4aed3f26fadcc1c13892e1e29f6"},
    {file = "cryptography-42.0.5-pp39-pypy39_pp73-manylinux_2_28_aarch64.whl", hash = "sha256:e807b3188f9eb0eaa7bbb579b462c5ace579f1cedb28107ce8b48a9f7ad3679e"},
    {file = "cryptography-42.0.5-pp39-pypy39_pp73-manylinux_2_28_x86_64.whl", hash = "sha256:f12764b8fffc7a123f641d7d049d382b73f96a34117e0b637b80643169cec8ac"},
    {file = "cryptography-42.0.5-pp39-pypy39_pp73-win_amd64.whl", hash = "sha256:37dd623507659e08be98eec89323469e8c7b4c1407c85112634ae3dbdb926fdd"},
    {file = "cryptography-42.0.5.tar.gz", hash = "sha256:6fe07eec95dfd477eb9530aef5bead34fec819b3aaf6c5bd6d20565da607bfe1"},
]

[package.dependencies]
cffi = {version = ">=1.12", markers = "platform_python_implementation != \"PyPy\""}

[package.extras]
docs = ["sphinx (>=5.3.0)", "sphinx-rtd-theme (>=1.1.1)"]
docstest = ["pyenchant (>=1.6.11)", "readme-renderer", "sphinxcontrib-spelling (>=4.0.1)"]
nox = ["nox"]
pep8test = ["check-sdist", "click", "mypy", "ruff"]
sdist = ["build"]
ssh = ["bcrypt (>=3.1.5)"]
test = ["certifi", "pretend", "pytest (>=6.2.0)", "pytest-benchmark", "pytest-cov", "pytest-xdist"]
test-randomorder = ["pytest-randomly"]

[[package]]
name = "pycparser"
version = "2.20"
description = "C parser in Python"
optional = false
python-versions = ">=2.7, !=3.0.*, !=3.1.*, !=3.2.*, !=3.3.*"
files = [
    {file = "pycparser-2.20-py2.py3-none-any.whl", hash = "sha256:7582ad22678f0fcd81102833f60ef8d0e57288b6b5fb00323d101be910e35705"},
    {file = "pycparser-2.20.tar.gz", hash = "sha256:2d475327684562c3a96cc71adf7dc8c4f0565175cf86b6d7a404ff4c771f15f0"},
]

[metadata]
lock-version = "2.0"
python-versions = "^3.8"
content-hash = "078dcc6a32aaab02ad6e8eee879eee15ab2a0479c10d4edb5add0aee1edd25eb"
