# This file is automatically @generated by Poetry 1.8.2 and should not be changed by hand.

[[package]]
name = "cffi"
version = "1.14.5"
description = "Foreign Function Interface for Python calling C code."
optional = false
python-versions = "*"
files = [
    {file = "cffi-1.14.5-cp27-cp27m-macosx_10_9_x86_64.whl", hash = "sha256:bb89f306e5da99f4d922728ddcd6f7fcebb3241fc40edebcb7284d7514741991"},
    {file = "cffi-1.14.5-cp27-cp27m-manylinux1_i686.whl", hash = "sha256:34eff4b97f3d982fb93e2831e6750127d1355a923ebaeeb565407b3d2f8d41a1"},
    {file = "cffi-1.14.5-cp27-cp27m-manylinux1_x86_64.whl", hash = "sha256:99cd03ae7988a93dd00bcd9d0b75e1f6c426063d6f03d2f90b89e29b25b82dfa"},
    {file = "cffi-1.14.5-cp27-cp27m-win32.whl", hash = "sha256:65fa59693c62cf06e45ddbb822165394a288edce9e276647f0046e1ec26920f3"},
    {file = "cffi-1.14.5-cp27-cp27m-win_amd64.whl", hash = "sha256:51182f8927c5af975fece87b1b369f722c570fe169f9880764b1ee3bca8347b5"},
    {file = "cffi-1.14.5-cp27-cp27mu-manylinux1_i686.whl", hash = "sha256:43e0b9d9e2c9e5d152946b9c5fe062c151614b262fda2e7b201204de0b99e482"},
    {file = "cffi-1.14.5-cp27-cp27mu-manylinux1_x86_64.whl", hash = "sha256:cbde590d4faaa07c72bf979734738f328d239913ba3e043b1e98fe9a39f8b2b6"},
    {file = "cffi-1.14.5-cp35-cp35m-macosx_10_9_x86_64.whl", hash = "sha256:5de7970188bb46b7bf9858eb6890aad302577a5f6f75091fd7cdd3ef13ef3045"},
    {file = "cffi-1.14.5-cp35-cp35m-manylinux1_i686.whl", hash = "sha256:a465da611f6fa124963b91bf432d960a555563efe4ed1cc403ba5077b15370aa"},
    {file = "cffi-1.14.5-cp35-cp35m-manylinux1_x86_64.whl", hash = "sha256:d42b11d692e11b6634f7613ad8df5d6d5f8875f5d48939520d351007b3c13406"},
    {file = "cffi-1.14.5-cp35-cp35m-win32.whl", hash = "sha256:72d8d3ef52c208ee1c7b2e341f7d71c6fd3157138abf1a95166e6165dd5d4369"},
    {file = "cffi-1.14.5-cp35-cp35m-win_amd64.whl", hash = "sha256:29314480e958fd8aab22e4a58b355b629c59bf5f2ac2492b61e3dc06d8c7a315"},
    {file = "cffi-1.14.5-cp36-cp36m-macosx_10_9_x86_64.whl", hash = "sha256:3d3dd4c9e559eb172ecf00a2a7517e97d1e96de2a5e610bd9b68cea3925b4892"},
    {file = "cffi-1.14.5-cp36-cp36m-manylinux1_i686.whl", hash = "sha256:48e1c69bbacfc3d932221851b39d49e81567a4d4aac3b21258d9c24578280058"},
    {file = "cffi-1.14.5-cp36-cp36m-manylinux1_x86_64.whl", hash = "sha256:69e395c24fc60aad6bb4fa7e583698ea6cc684648e1ffb7fe85e3c1ca131a7d5"},
    {file = "cffi-1.14.5-cp36-cp36m-manylinux2014_aarch64.whl", hash = "sha256:9e93e79c2551ff263400e1e4be085a1210e12073a31c2011dbbda14bda0c6132"},
    {file = "cffi-1.14.5-cp36-cp36m-manylinux_2_17_aarch64.manylinux2014_aarch64.whl", hash = "sha256:24ec4ff2c5c0c8f9c6b87d5bb53555bf267e1e6f70e52e5a9740d32861d36b6f"},
    {file = "cffi-1.14.5-cp36-cp36m-manylinux_2_17_ppc64le.manylinux2014_ppc64le.whl", hash = "sha256:3c3f39fa737542161d8b0d680df2ec249334cd70a8f420f71c9304bd83c3cbed"},
    {file = "cffi-1.14.5-cp36-cp36m-manylinux_2_17_s390x.manylinux2014_s390x.whl", hash = "sha256:681d07b0d1e3c462dd15585ef5e33cb021321588bebd910124ef4f4fb71aef55"},
    {file = "cffi-1.14.5-cp36-cp36m-win32.whl", hash = "sha256:58e3f59d583d413809d60779492342801d6e82fefb89c86a38e040c16883be53"},
    {file = "cffi-1.14.5-cp36-cp36m-win_amd64.whl", hash = "sha256:005a36f41773e148deac64b08f233873a4d0c18b053d37da83f6af4d9087b813"},
    {file = "cffi-1.14.5-cp37-cp37m-macosx_10_9_x86_64.whl", hash = "sha256:2894f2df484ff56d717bead0a5c2abb6b9d2bf26d6960c4604d5c48bbc30ee73"},
    {file = "cffi-1.14.5-cp37-cp37m-manylinux1_i686.whl", hash = "sha256:0857f0ae312d855239a55c81ef453ee8fd24136eaba8e87a2eceba644c0d4c06"},
    {file = "cffi-1.14.5-cp37-cp37m-manylinux1_x86_64.whl", hash = "sha256:cd2868886d547469123fadc46eac7ea5253ea7fcb139f12e1dfc2bbd406427d1"},
    {file = "cffi-1.14.5-cp37-cp37m-manylinux2014_aarch64.whl", hash = "sha256:35f27e6eb43380fa080dccf676dece30bef72e4a67617ffda586641cd4508d49"},
    {file = "cffi-1.14.5-cp37-cp37m-manylinux_2_17_aarch64.manylinux2014_aarch64.whl", hash = "sha256:06d7cd1abac2ffd92e65c0609661866709b4b2d82dd15f611e602b9b188b0b69"},
    {file = "cffi-1.14.5-cp37-cp37m-manylinux_2_17_ppc64le.manylinux2014_ppc64le.whl", hash = "sha256:0f861a89e0043afec2a51fd177a567005847973be86f709bbb044d7f42fc4e05"},
    {file = "cffi-1.14.5-cp37-cp37m-manylinux_2_17_s390x.manylinux2014_s390x.whl", hash = "sha256:cc5a8e069b9ebfa22e26d0e6b97d6f9781302fe7f4f2b8776c3e1daea35f1adc"},
    {file = "cffi-1.14.5-cp37-cp37m-win32.whl", hash = "sha256:9ff227395193126d82e60319a673a037d5de84633f11279e336f9c0f189ecc62"},
    {file = "cffi-1.14.5-cp37-cp37m-win_amd64.whl", hash = "sha256:9cf8022fb8d07a97c178b02327b284521c7708d7c71a9c9c355c178ac4bbd3d4"},
    {file = "cffi-1.14.5-cp38-cp38-macosx_10_9_x86_64.whl", hash = "sha256:8b198cec6c72df5289c05b05b8b0969819783f9418e0409865dac47288d2a053"},
    {file = "cffi-1.14.5-cp38-cp38-manylinux1_i686.whl", hash = "sha256:ad17025d226ee5beec591b52800c11680fca3df50b8b29fe51d882576e039ee0"},
    {file = "cffi-1.14.5-cp38-cp38-manylinux1_x86_64.whl", hash = "sha256:6c97d7350133666fbb5cf4abdc1178c812cb205dc6f41d174a7b0f18fb93337e"},
    {file = "cffi-1.14.5-cp38-cp38-manylinux2014_aarch64.whl", hash = "sha256:8ae6299f6c68de06f136f1f9e69458eae58f1dacf10af5c17353eae03aa0d827"},
    {file = "cffi-1.14.5-cp38-cp38-manylinux_2_17_aarch64.manylinux2014_aarch64.whl", hash = "sha256:04c468b622ed31d408fea2346bec5bbffba2cc44226302a0de1ade9f5ea3d373"},
    {file = "cffi-1.14.5-cp38-cp38-manylinux_2_17_ppc64le.manylinux2014_ppc64le.whl", hash = "sha256:06db6321b7a68b2bd6df96d08a5adadc1fa0e8f419226e25b2a5fbf6ccc7350f"},
    {file = "cffi-1.14.5-cp38-cp38-manylinux_2_17_s390x.manylinux2014_s390x.whl", hash = "sha256:293e7ea41280cb28c6fcaaa0b1aa1f533b8ce060b9e701d78511e1e6c4a1de76"},
    {file = "cffi-1.14.5-cp38-cp38-win32.whl", hash = "sha256:b85eb46a81787c50650f2392b9b4ef23e1f126313b9e0e9013b35c15e4288e2e"},
    {file = "cffi-1.14.5-cp38-cp38-win_amd64.whl", hash = "sha256:1f436816fc868b098b0d63b8920de7d208c90a67212546d02f84fe78a9c26396"},
    {file = "cffi-1.14.5-cp39-cp39-macosx_10_9_x86_64.whl", hash = "sha256:1071534bbbf8cbb31b498d5d9db0f274f2f7a865adca4ae429e147ba40f73dea"},
    {file = "cffi-1.14.5-cp39-cp39-manylinux1_i686.whl", hash = "sha256:9de2e279153a443c656f2defd67769e6d1e4163952b3c622dcea5b08a6405322"},
    {file = "cffi-1.14.5-cp39-cp39-manylinux1_x86_64.whl", hash = "sha256:6e4714cc64f474e4d6e37cfff31a814b509a35cb17de4fb1999907575684479c"},
    {file = "cffi-1.14.5-cp39-cp39-manylinux2014_aarch64.whl", hash = "sha256:158d0d15119b4b7ff6b926536763dc0714313aa59e320ddf787502c70c4d4bee"},
    {file = "cffi-1.14.5-cp39-cp39-manylinux_2_17_aarch64.manylinux2014_aarch64.whl", hash = "sha256:1bf1ac1984eaa7675ca8d5745a8cb87ef7abecb5592178406e55858d411eadc0"},
    {file = "cffi-1.14.5-cp39-cp39-manylinux_2_17_ppc64le.manylinux2014_ppc64le.whl", hash = "sha256:df5052c5d867c1ea0b311fb7c3cd28b19df469c056f7fdcfe88c7473aa63e333"},
    {file = "cffi-1.14.5-cp39-cp39-manylinux_2_17_s390x.manylinux2014_s390x.whl", hash = "sha256:24a570cd11895b60829e941f2613a4f79df1a27344cbbb82164ef2e0116f09c7"},
    {file = "cffi-1.14.5-cp39-cp39-win32.whl", hash = "sha256:afb29c1ba2e5a3736f1c301d9d0abe3ec8b86957d04ddfa9d7a6a42b9367e396"},
    {file = "cffi-1.14.5-cp39-cp39-win_amd64.whl", hash = "sha256:f2d45f97ab6bb54753eab54fffe75aaf3de4ff2341c9daee1987ee1837636f1d"},
    {file = "cffi-1.14.5.tar.gz", hash = "sha256:fd78e5fee591709f32ef6edb9a015b4aa1a5022598e36227500c8f4e02328d9c"},
]

[package.dependencies]
pycparser = "*"

[[package]]
name = "cryptography"
version = "42.0.7"
description = "cryptography is a package which provides cryptographic recipes and primitives to Python developers."
optional = false
python-versions = ">=3.7"
files = [
    {file = "cryptography-42.0.7-cp37-abi3-macosx_10_12_universal2.whl", hash = "sha256:a987f840718078212fdf4504d0fd4c6effe34a7e4740378e59d47696e8dfb477"},
    {file = "cryptography-42.0.7-cp37-abi3-macosx_10_12_x86_64.whl", hash = "sha256:bd13b5e9b543532453de08bcdc3cc7cebec6f9883e886fd20a92f26940fd3e7a"},
    {file = "cryptography-42.0.7-cp37-abi3-manylinux_2_17_aarch64.manylinux2014_aarch64.whl", hash = "sha256:a79165431551042cc9d1d90e6145d5d0d3ab0f2d66326c201d9b0e7f5bf43604"},
    {file = "cryptography-42.0.7-cp37-abi3-manylinux_2_17_x86_64.manylinux2014_x86_64.whl", hash = "sha256:a47787a5e3649008a1102d3df55424e86606c9bae6fb77ac59afe06d234605f8"},
    {file = "cryptography-42.0.7-cp37-abi3-manylinux_2_28_aarch64.whl", hash = "sha256:02c0eee2d7133bdbbc5e24441258d5d2244beb31da5ed19fbb80315f4bbbff55"},
    {file = "cryptography-42.0.7-cp37-abi3-manylinux_2_28_x86_64.whl", hash = "sha256:5e44507bf8d14b36b8389b226665d597bc0f18ea035d75b4e53c7b1ea84583cc"},
    {file = "cryptography-42.0.7-cp37-abi3-musllinux_1_1_aarch64.whl", hash = "sha256:7f8b25fa616d8b846aef64b15c606bb0828dbc35faf90566eb139aa9cff67af2"},
    {file = "cryptography-42.0.7-cp37-abi3-musllinux_1_1_x86_64.whl", hash = "sha256:93a3209f6bb2b33e725ed08ee0991b92976dfdcf4e8b38646540674fc7508e13"},
    {file = "cryptography-42.0.7-cp37-abi3-musllinux_1_2_aarch64.whl", hash = "sha256:e6b8f1881dac458c34778d0a424ae5769de30544fc678eac51c1c8bb2183e9da"},
    {file = "cryptography-42.0.7-cp37-abi3-musllinux_1_2_x86_64.whl", hash = "sha256:3de9a45d3b2b7d8088c3fbf1ed4395dfeff79d07842217b38df14ef09ce1d8d7"},
    {file = "cryptography-42.0.7-cp37-abi3-win32.whl", hash = "sha256:789caea816c6704f63f6241a519bfa347f72fbd67ba28d04636b7c6b7da94b0b"},
    {file = "cryptography-42.0.7-cp37-abi3-win_amd64.whl", hash = "sha256:8cb8ce7c3347fcf9446f201dc30e2d5a3c898d009126010cbd1f443f28b52678"},
    {file = "cryptography-42.0.7-cp39-abi3-macosx_10_12_universal2.whl", hash = "sha256:a3a5ac8b56fe37f3125e5b72b61dcde43283e5370827f5233893d461b7360cd4"},
    {file = "cryptography-42.0.7-cp39-abi3-manylinux_2_17_aarch64.manylinux2014_aarch64.whl", hash = "sha256:779245e13b9a6638df14641d029add5dc17edbef6ec915688f3acb9e720a5858"},
    {file = "cryptography-42.0.7-cp39-abi3-manylinux_2_17_x86_64.manylinux2014_x86_64.whl", hash = "sha256:0d563795db98b4cd57742a78a288cdbdc9daedac29f2239793071fe114f13785"},
    {file = "cryptography-42.0.7-cp39-abi3-manylinux_2_28_aarch64.whl", hash = "sha256:31adb7d06fe4383226c3e963471f6837742889b3c4caa55aac20ad951bc8ffda"},
    {file = "cryptography-42.0.7-cp39-abi3-manylinux_2_28_x86_64.whl", hash = "sha256:efd0bf5205240182e0f13bcaea41be4fdf5c22c5129fc7ced4a0282ac86998c9"},
    {file = "cryptography-42.0.7-cp39-abi3-musllinux_1_1_aarch64.whl", hash = "sha256:a9bc127cdc4ecf87a5ea22a2556cab6c7eda2923f84e4f3cc588e8470ce4e42e"},
    {file = "cryptography-42.0.7-cp39-abi3-musllinux_1_1_x86_64.whl", hash = "sha256:3577d029bc3f4827dd5bf8bf7710cac13527b470bbf1820a3f394adb38ed7d5f"},
    {file = "cryptography-42.0.7-cp39-abi3-musllinux_1_2_aarch64.whl", hash = "sha256:2e47577f9b18723fa294b0ea9a17d5e53a227867a0a4904a1a076d1646d45ca1"},
    {file = "cryptography-42.0.7-cp39-abi3-musllinux_1_2_x86_64.whl", hash = "sha256:1a58839984d9cb34c855197043eaae2c187d930ca6d644612843b4fe8513c886"},
    {file = "cryptography-42.0.7-cp39-abi3-win32.whl", hash = "sha256:e6b79d0adb01aae87e8a44c2b64bc3f3fe59515280e00fb6d57a7267a2583cda"},
    {file = "cryptography-42.0.7-cp39-abi3-win_amd64.whl", hash = "sha256:16268d46086bb8ad5bf0a2b5544d8a9ed87a0e33f5e77dd3c3301e63d941a83b"},
    {file = "cryptography-42.0.7-pp310-pypy310_pp73-macosx_10_12_x86_64.whl", hash = "sha256:2954fccea107026512b15afb4aa664a5640cd0af630e2ee3962f2602693f0c82"},
    {file = "cryptography-42.0.7-pp310-pypy310_pp73-manylinux_2_28_aarch64.whl", hash = "sha256:362e7197754c231797ec45ee081f3088a27a47c6c01eff2ac83f60f85a50fe60"},
    {file = "cryptography-42.0.7-pp310-pypy310_pp73-manylinux_2_28_x86_64.whl", hash = "sha256:4f698edacf9c9e0371112792558d2f705b5645076cc0aaae02f816a0171770fd"},
    {file = "cryptography-42.0.7-pp310-pypy310_pp73-win_amd64.whl", hash = "sha256:5482e789294854c28237bba77c4c83be698be740e31a3ae5e879ee5444166582"},
    {file = "cryptography-42.0.7-pp39-pypy39_pp73-macosx_10_12_x86_64.whl", hash = "sha256:e9b2a6309f14c0497f348d08a065d52f3020656f675819fc405fb63bbcd26562"},
    {file = "cryptography-42.0.7-pp39-pypy39_pp73-manylinux_2_28_aarch64.whl", hash = "sha256:d8e3098721b84392ee45af2dd554c947c32cc52f862b6a3ae982dbb90f577f14"},
    {file = "cryptography-42.0.7-pp39-pypy39_pp73-manylinux_2_28_x86_64.whl", hash = "sha256:c65f96dad14f8528a447414125e1fc8feb2ad5a272b8f68477abbcc1ea7d94b9"},
    {file = "cryptography-42.0.7-pp39-pypy39_pp73-win_amd64.whl", hash = "sha256:36017400817987670037fbb0324d71489b6ead6231c9604f8fc1f7d008087c68"},
    {file = "cryptography-42.0.7.tar.gz", hash = "sha256:ecbfbc00bf55888edda9868a4cf927205de8499e7fabe6c050322298382953f2"},
]

[package.dependencies]
cffi = {version = ">=1.12", markers = "platform_python_implementation != \"PyPy\""}

[package.extras]
docs = ["sphinx (>=5.3.0)", "sphinx-rtd-theme (>=1.1.1)"]
docstest = ["pyenchant (>=1.6.11)", "readme-renderer", "sphinxcontrib-spelling (>=4.0.1)"]
nox = ["nox"]
pep8test = ["check-sdist", "click", "mypy", "ruff"]
sdist = ["build"]
ssh = ["bcrypt (>=3.1.5)"]
test = ["certifi", "pretend", "pytest (>=6.2.0)", "pytest-benchmark", "pytest-cov", "pytest-xdist"]
test-randomorder = ["pytest-randomly"]

[[package]]
name = "pycparser"
version = "2.20"
description = "C parser in Python"
optional = false
python-versions = ">=2.7, !=3.0.*, !=3.1.*, !=3.2.*, !=3.3.*"
files = [
    {file = "pycparser-2.20-py2.py3-none-any.whl", hash = "sha256:7582ad22678f0fcd81102833f60ef8d0e57288b6b5fb00323d101be910e35705"},
    {file = "pycparser-2.20.tar.gz", hash = "sha256:2d475327684562c3a96cc71adf7dc8c4f0565175cf86b6d7a404ff4c771f15f0"},
]

[metadata]
lock-version = "2.0"
python-versions = "^3.8"
content-hash = "078dcc6a32aaab02ad6e8eee879eee15ab2a0479c10d4edb5add0aee1edd25eb"
